
Microsoft Visual Studio Solution File, Format Version 12.00
# Visual Studio 14
VisualStudioVersion = 14.0.24720.0
MinimumVisualStudioVersion = 10.0.40219.1
Project("{8BC9CEB8-8B4A-11D0-8D11-00A0C91BC942}") = "2.4", "2.4\2.4.vcxproj", "{AEE4169B-21C7-49A5-8B27-502E6A2654B9}"
EndProject
Project("{8BC9CEB8-8B4A-11D0-8D11-00A0C91BC942}") = "3.2", "3.2\3.2.vcxproj", "{B44E79B8-3289-42F5-B8A4-9DBEABA4E706}"
EndProject
Project("{8BC9CEB8-8B4A-11D0-8D11-00A0C91BC942}") = "3.4", "3.4\3.4.vcxproj", "{AB88FD35-4B23-4349-8581-9EBEBDDFE869}"
EndProject
Project("{8BC9CEB8-8B4A-11D0-8D11-00A0C91BC942}") = "12.2", "12.2\12.2.vcxproj", "{933447C5-18F6-4C0D-8486-10D36B5207D6}"
EndProject
Global
	GlobalSection(SolutionConfigurationPlatforms) = preSolution
		Debug|x64 = Debug|x64
		Debug|x86 = Debug|x86
		Release|x64 = Release|x64
		Release|x86 = Release|x86
	EndGlobalSection
	GlobalSection(ProjectConfigurationPlatforms) = postSolution
		{AEE4169B-21C7-49A5-8B27-502E6A2654B9}.Debug|x64.ActiveCfg = Debug|x64
		{AEE4169B-21C7-49A5-8B27-502E6A2654B9}.Debug|x64.Build.0 = Debug|x64
		{AEE4169B-21C7-49A5-8B27-502E6A2654B9}.Debug|x86.ActiveCfg = Debug|Win32
		{AEE4169B-21C7-49A5-8B27-502E6A2654B9}.Debug|x86.Build.0 = Debug|Win32
		{AEE4169B-21C7-49A5-8B27-502E6A2654B9}.Release|x64.ActiveCfg = Release|x64
		{AEE4169B-21C7-49A5-8B27-502E6A2654B9}.Release|x64.Build.0 = Release|x64
		{AEE4169B-21C7-49A5-8B27-502E6A2654B9}.Release|x86.ActiveCfg = Release|Win32
		{AEE4169B-21C7-49A5-8B27-502E6A2654B9}.Release|x86.Build.0 = Release|Win32
		{B44E79B8-3289-42F5-B8A4-9DBEABA4E706}.Debug|x64.ActiveCfg = Debug|x64
		{B44E79B8-3289-42F5-B8A4-9DBEABA4E706}.Debug|x64.Build.0 = Debug|x64
		{B44E79B8-3289-42F5-B8A4-9DBEABA4E706}.Debug|x86.ActiveCfg = Debug|Win32
		{B44E79B8-3289-42F5-B8A4-9DBEABA4E706}.Debug|x86.Build.0 = Debug|Win32
		{B44E79B8-3289-42F5-B8A4-9DBEABA4E706}.Release|x64.ActiveCfg = Release|x64
		{B44E79B8-3289-42F5-B8A4-9DBEABA4E706}.Release|x64.Build.0 = Release|x64
		{B44E79B8-3289-42F5-B8A4-9DBEABA4E706}.Release|x86.ActiveCfg = Release|Win32
		{B44E79B8-3289-42F5-B8A4-9DBEABA4E706}.Release|x86.Build.0 = Release|Win32
		{AB88FD35-4B23-4349-8581-9EBEBDDFE869}.Debug|x64.ActiveCfg = Debug|x64
		{AB88FD35-4B23-4349-8581-9EBEBDDFE869}.Debug|x64.Build.0 = Debug|x64
		{AB88FD35-4B23-4349-8581-9EBEBDDFE869}.Debug|x86.ActiveCfg = Debug|Win32
		{AB88FD35-4B23-4349-8581-9EBEBDDFE869}.Debug|x86.Build.0 = Debug|Win32
		{AB88FD35-4B23-4349-8581-9EBEBDDFE869}.Release|x64.ActiveCfg = Release|x64
		{AB88FD35-4B23-4349-8581-9EBEBDDFE869}.Release|x64.Build.0 = Release|x64
		{AB88FD35-4B23-4349-8581-9EBEBDDFE869}.Release|x86.ActiveCfg = Release|Win32
		{AB88FD35-4B23-4349-8581-9EBEBDDFE869}.Release|x86.Build.0 = Release|Win32
		{933447C5-18F6-4C0D-8486-10D36B5207D6}.Debug|x64.ActiveCfg = Debug|x64
		{933447C5-18F6-4C0D-8486-10D36B5207D6}.Debug|x64.Build.0 = Debug|x64
		{933447C5-18F6-4C0D-8486-10D36B5207D6}.Debug|x86.ActiveCfg = Debug|Win32
		{933447C5-18F6-4C0D-8486-10D36B5207D6}.Debug|x86.Build.0 = Debug|Win32
		{933447C5-18F6-4C0D-8486-10D36B5207D6}.Release|x64.ActiveCfg = Release|x64
		{933447C5-18F6-4C0D-8486-10D36B5207D6}.Release|x64.Build.0 = Release|x64
		{933447C5-18F6-4C0D-8486-10D36B5207D6}.Release|x86.ActiveCfg = Release|Win32
		{933447C5-18F6-4C0D-8486-10D36B5207D6}.Release|x86.Build.0 = Release|Win32
	EndGlobalSection
	GlobalSection(SolutionProperties) = preSolution
		HideSolutionNode = FALSE
	EndGlobalSection
EndGlobal
